
Microsoft Visual Studio Solution File, Format Version 12.00
# Visual Studio Version 17
VisualStudioVersion = 17.13.35931.197
MinimumVisualStudioVersion = 10.0.40219.1
Project("{8BC9CEB8-8B4A-11D0-8D11-00A0C91BC942}") = "PG3_00_01", "PG3_00_01\PG3_00_01.vcxproj", "{9574EC84-9A51-4EA5-A70B-3E1C2F969527}"
EndProject
Project("{8BC9CEB8-8B4A-11D0-8D11-00A0C91BC942}") = "00_01", "00_01\00_01.vcxproj", "{3ABB1191-DC7A-4B07-8C12-2E5ECA0757F0}"
EndProject
Project("{2150E333-8FDC-42A3-9474-1A3956D46DE8}") = "ソリューション項目", "ソリューション項目", "{2022CB0F-8BAF-F49E-0C48-8EF4C96EC109}"
	ProjectSection(SolutionItems) = preProject
		.editorconfig = .editorconfig
	EndProjectSection
EndProject
Project("{8BC9CEB8-8B4A-11D0-8D11-00A0C91BC942}") = "01_01", "01_01\01_01.vcxproj", "{D976013C-5821-49BF-8398-01EF6F476FB5}"
EndProject
Project("{8BC9CEB8-8B4A-11D0-8D11-00A0C91BC942}") = "01_02", "01_02\01_02.vcxproj", "{8DFD3B0C-DAC5-4D49-A354-02FE03DC06AE}"
EndProject
Project("{8BC9CEB8-8B4A-11D0-8D11-00A0C91BC942}") = "02_01", "02_01\02_01.vcxproj", "{B5CBC5DF-5B79-46C6-8C36-62CB2620BAB5}"
EndProject
Project("{8BC9CEB8-8B4A-11D0-8D11-00A0C91BC942}") = "02_02", "02_02\02_02.vcxproj", "{AB8FC7E1-F4D2-49C2-BA07-159D8C699DDB}"
EndProject
Project("{8BC9CEB8-8B4A-11D0-8D11-00A0C91BC942}") = "02_03", "02_03\02_03.vcxproj", "{4EE5B01F-A2D7-41B3-8D49-77634BFF9E43}"
EndProject
Project("{8BC9CEB8-8B4A-11D0-8D11-00A0C91BC942}") = "02_04", "02_04\02_04.vcxproj", "{4A1A9029-44C7-4D30-A8E5-41B23F79379F}"
EndProject
Project("{8BC9CEB8-8B4A-11D0-8D11-00A0C91BC942}") = "03_01", "03_01\03_01.vcxproj", "{0FF960FF-ABBF-4FA6-A6CD-30005F55F28D}"
EndProject
Project("{8BC9CEB8-8B4A-11D0-8D11-00A0C91BC942}") = "03_02", "03_02\03_02.vcxproj", "{D0AC4D02-639C-4108-8D86-06FCDD89A451}"
EndProject
Project("{8BC9CEB8-8B4A-11D0-8D11-00A0C91BC942}") = "03_03", "03_03\03_03.vcxproj", "{C248EB17-CA9D-4B73-A481-5EAC028B570A}"
EndProject
Project("{8BC9CEB8-8B4A-11D0-8D11-00A0C91BC942}") = "03_04", "03_04\03_04.vcxproj", "{14C35EAC-5B4C-4273-84A9-69085B8D73A3}"
EndProject
Project("{8BC9CEB8-8B4A-11D0-8D11-00A0C91BC942}") = "05_02", "05_02\05_02.vcxproj", "{96633DA6-343B-4930-9F30-74866163F6E4}"
EndProject
Project("{8BC9CEB8-8B4A-11D0-8D11-00A0C91BC942}") = "05_01", "05_01\05_01.vcxproj", "{7222BD72-3F69-4406-B16C-F93E2239D69B}"
EndProject
Project("{8BC9CEB8-8B4A-11D0-8D11-00A0C91BC942}") = "04_01", "04_01\04_01.vcxproj", "{DBD63773-5106-4635-BA27-9C1E2530A166}"
EndProject
Project("{8BC9CEB8-8B4A-11D0-8D11-00A0C91BC942}") = "06_01", "06_01\06_01.vcxproj", "{B529189D-54D0-4FF1-9511-78EEC5302B30}"
EndProject
Project("{8BC9CEB8-8B4A-11D0-8D11-00A0C91BC942}") = "06_02", "06_02\06_02.vcxproj", "{4E5C645D-3C65-4FBC-8478-7F436065CE5B}"
EndProject
Global
	GlobalSection(SolutionConfigurationPlatforms) = preSolution
		Debug|x64 = Debug|x64
		Debug|x86 = Debug|x86
		Release|x64 = Release|x64
		Release|x86 = Release|x86
	EndGlobalSection
	GlobalSection(ProjectConfigurationPlatforms) = postSolution
		{9574EC84-9A51-4EA5-A70B-3E1C2F969527}.Debug|x64.ActiveCfg = Debug|x64
		{9574EC84-9A51-4EA5-A70B-3E1C2F969527}.Debug|x64.Build.0 = Debug|x64
		{9574EC84-9A51-4EA5-A70B-3E1C2F969527}.Debug|x86.ActiveCfg = Debug|Win32
		{9574EC84-9A51-4EA5-A70B-3E1C2F969527}.Debug|x86.Build.0 = Debug|Win32
		{9574EC84-9A51-4EA5-A70B-3E1C2F969527}.Release|x64.ActiveCfg = Release|x64
		{9574EC84-9A51-4EA5-A70B-3E1C2F969527}.Release|x64.Build.0 = Release|x64
		{9574EC84-9A51-4EA5-A70B-3E1C2F969527}.Release|x86.ActiveCfg = Release|Win32
		{9574EC84-9A51-4EA5-A70B-3E1C2F969527}.Release|x86.Build.0 = Release|Win32
		{3ABB1191-DC7A-4B07-8C12-2E5ECA0757F0}.Debug|x64.ActiveCfg = Debug|x64
		{3ABB1191-DC7A-4B07-8C12-2E5ECA0757F0}.Debug|x64.Build.0 = Debug|x64
		{3ABB1191-DC7A-4B07-8C12-2E5ECA0757F0}.Debug|x86.ActiveCfg = Debug|Win32
		{3ABB1191-DC7A-4B07-8C12-2E5ECA0757F0}.Debug|x86.Build.0 = Debug|Win32
		{3ABB1191-DC7A-4B07-8C12-2E5ECA0757F0}.Release|x64.ActiveCfg = Release|x64
		{3ABB1191-DC7A-4B07-8C12-2E5ECA0757F0}.Release|x64.Build.0 = Release|x64
		{3ABB1191-DC7A-4B07-8C12-2E5ECA0757F0}.Release|x86.ActiveCfg = Release|Win32
		{3ABB1191-DC7A-4B07-8C12-2E5ECA0757F0}.Release|x86.Build.0 = Release|Win32
		{D976013C-5821-49BF-8398-01EF6F476FB5}.Debug|x64.ActiveCfg = Debug|x64
		{D976013C-5821-49BF-8398-01EF6F476FB5}.Debug|x64.Build.0 = Debug|x64
		{D976013C-5821-49BF-8398-01EF6F476FB5}.Debug|x86.ActiveCfg = Debug|Win32
		{D976013C-5821-49BF-8398-01EF6F476FB5}.Debug|x86.Build.0 = Debug|Win32
		{D976013C-5821-49BF-8398-01EF6F476FB5}.Release|x64.ActiveCfg = Release|x64
		{D976013C-5821-49BF-8398-01EF6F476FB5}.Release|x64.Build.0 = Release|x64
		{D976013C-5821-49BF-8398-01EF6F476FB5}.Release|x86.ActiveCfg = Release|Win32
		{D976013C-5821-49BF-8398-01EF6F476FB5}.Release|x86.Build.0 = Release|Win32
		{8DFD3B0C-DAC5-4D49-A354-02FE03DC06AE}.Debug|x64.ActiveCfg = Debug|x64
		{8DFD3B0C-DAC5-4D49-A354-02FE03DC06AE}.Debug|x64.Build.0 = Debug|x64
		{8DFD3B0C-DAC5-4D49-A354-02FE03DC06AE}.Debug|x86.ActiveCfg = Debug|Win32
		{8DFD3B0C-DAC5-4D49-A354-02FE03DC06AE}.Debug|x86.Build.0 = Debug|Win32
		{8DFD3B0C-DAC5-4D49-A354-02FE03DC06AE}.Release|x64.ActiveCfg = Release|x64
		{8DFD3B0C-DAC5-4D49-A354-02FE03DC06AE}.Release|x64.Build.0 = Release|x64
		{8DFD3B0C-DAC5-4D49-A354-02FE03DC06AE}.Release|x86.ActiveCfg = Release|Win32
		{8DFD3B0C-DAC5-4D49-A354-02FE03DC06AE}.Release|x86.Build.0 = Release|Win32
		{B5CBC5DF-5B79-46C6-8C36-62CB2620BAB5}.Debug|x64.ActiveCfg = Debug|x64
		{B5CBC5DF-5B79-46C6-8C36-62CB2620BAB5}.Debug|x64.Build.0 = Debug|x64
		{B5CBC5DF-5B79-46C6-8C36-62CB2620BAB5}.Debug|x86.ActiveCfg = Debug|Win32
		{B5CBC5DF-5B79-46C6-8C36-62CB2620BAB5}.Debug|x86.Build.0 = Debug|Win32
		{B5CBC5DF-5B79-46C6-8C36-62CB2620BAB5}.Release|x64.ActiveCfg = Release|x64
		{B5CBC5DF-5B79-46C6-8C36-62CB2620BAB5}.Release|x64.Build.0 = Release|x64
		{B5CBC5DF-5B79-46C6-8C36-62CB2620BAB5}.Release|x86.ActiveCfg = Release|Win32
		{B5CBC5DF-5B79-46C6-8C36-62CB2620BAB5}.Release|x86.Build.0 = Release|Win32
		{AB8FC7E1-F4D2-49C2-BA07-159D8C699DDB}.Debug|x64.ActiveCfg = Debug|x64
		{AB8FC7E1-F4D2-49C2-BA07-159D8C699DDB}.Debug|x64.Build.0 = Debug|x64
		{AB8FC7E1-F4D2-49C2-BA07-159D8C699DDB}.Debug|x86.ActiveCfg = Debug|Win32
		{AB8FC7E1-F4D2-49C2-BA07-159D8C699DDB}.Debug|x86.Build.0 = Debug|Win32
		{AB8FC7E1-F4D2-49C2-BA07-159D8C699DDB}.Release|x64.ActiveCfg = Release|x64
		{AB8FC7E1-F4D2-49C2-BA07-159D8C699DDB}.Release|x64.Build.0 = Release|x64
		{AB8FC7E1-F4D2-49C2-BA07-159D8C699DDB}.Release|x86.ActiveCfg = Release|Win32
		{AB8FC7E1-F4D2-49C2-BA07-159D8C699DDB}.Release|x86.Build.0 = Release|Win32
		{4EE5B01F-A2D7-41B3-8D49-77634BFF9E43}.Debug|x64.ActiveCfg = Debug|x64
		{4EE5B01F-A2D7-41B3-8D49-77634BFF9E43}.Debug|x64.Build.0 = Debug|x64
		{4EE5B01F-A2D7-41B3-8D49-77634BFF9E43}.Debug|x86.ActiveCfg = Debug|Win32
		{4EE5B01F-A2D7-41B3-8D49-77634BFF9E43}.Debug|x86.Build.0 = Debug|Win32
		{4EE5B01F-A2D7-41B3-8D49-77634BFF9E43}.Release|x64.ActiveCfg = Release|x64
		{4EE5B01F-A2D7-41B3-8D49-77634BFF9E43}.Release|x64.Build.0 = Release|x64
		{4EE5B01F-A2D7-41B3-8D49-77634BFF9E43}.Release|x86.ActiveCfg = Release|Win32
		{4EE5B01F-A2D7-41B3-8D49-77634BFF9E43}.Release|x86.Build.0 = Release|Win32
		{4A1A9029-44C7-4D30-A8E5-41B23F79379F}.Debug|x64.ActiveCfg = Debug|x64
		{4A1A9029-44C7-4D30-A8E5-41B23F79379F}.Debug|x64.Build.0 = Debug|x64
		{4A1A9029-44C7-4D30-A8E5-41B23F79379F}.Debug|x86.ActiveCfg = Debug|Win32
		{4A1A9029-44C7-4D30-A8E5-41B23F79379F}.Debug|x86.Build.0 = Debug|Win32
		{4A1A9029-44C7-4D30-A8E5-41B23F79379F}.Release|x64.ActiveCfg = Release|x64
		{4A1A9029-44C7-4D30-A8E5-41B23F79379F}.Release|x64.Build.0 = Release|x64
		{4A1A9029-44C7-4D30-A8E5-41B23F79379F}.Release|x86.ActiveCfg = Release|Win32
		{4A1A9029-44C7-4D30-A8E5-41B23F79379F}.Release|x86.Build.0 = Release|Win32
		{0FF960FF-ABBF-4FA6-A6CD-30005F55F28D}.Debug|x64.ActiveCfg = Debug|x64
		{0FF960FF-ABBF-4FA6-A6CD-30005F55F28D}.Debug|x64.Build.0 = Debug|x64
		{0FF960FF-ABBF-4FA6-A6CD-30005F55F28D}.Debug|x86.ActiveCfg = Debug|Win32
		{0FF960FF-ABBF-4FA6-A6CD-30005F55F28D}.Debug|x86.Build.0 = Debug|Win32
		{0FF960FF-ABBF-4FA6-A6CD-30005F55F28D}.Release|x64.ActiveCfg = Release|x64
		{0FF960FF-ABBF-4FA6-A6CD-30005F55F28D}.Release|x64.Build.0 = Release|x64
		{0FF960FF-ABBF-4FA6-A6CD-30005F55F28D}.Release|x86.ActiveCfg = Release|Win32
		{0FF960FF-ABBF-4FA6-A6CD-30005F55F28D}.Release|x86.Build.0 = Release|Win32
		{D0AC4D02-639C-4108-8D86-06FCDD89A451}.Debug|x64.ActiveCfg = Debug|x64
		{D0AC4D02-639C-4108-8D86-06FCDD89A451}.Debug|x64.Build.0 = Debug|x64
		{D0AC4D02-639C-4108-8D86-06FCDD89A451}.Debug|x86.ActiveCfg = Debug|Win32
		{D0AC4D02-639C-4108-8D86-06FCDD89A451}.Debug|x86.Build.0 = Debug|Win32
		{D0AC4D02-639C-4108-8D86-06FCDD89A451}.Release|x64.ActiveCfg = Release|x64
		{D0AC4D02-639C-4108-8D86-06FCDD89A451}.Release|x64.Build.0 = Release|x64
		{D0AC4D02-639C-4108-8D86-06FCDD89A451}.Release|x86.ActiveCfg = Release|Win32
		{D0AC4D02-639C-4108-8D86-06FCDD89A451}.Release|x86.Build.0 = Release|Win32
		{C248EB17-CA9D-4B73-A481-5EAC028B570A}.Debug|x64.ActiveCfg = Debug|x64
		{C248EB17-CA9D-4B73-A481-5EAC028B570A}.Debug|x64.Build.0 = Debug|x64
		{C248EB17-CA9D-4B73-A481-5EAC028B570A}.Debug|x86.ActiveCfg = Debug|Win32
		{C248EB17-CA9D-4B73-A481-5EAC028B570A}.Debug|x86.Build.0 = Debug|Win32
		{C248EB17-CA9D-4B73-A481-5EAC028B570A}.Release|x64.ActiveCfg = Release|x64
		{C248EB17-CA9D-4B73-A481-5EAC028B570A}.Release|x64.Build.0 = Release|x64
		{C248EB17-CA9D-4B73-A481-5EAC028B570A}.Release|x86.ActiveCfg = Release|Win32
		{C248EB17-CA9D-4B73-A481-5EAC028B570A}.Release|x86.Build.0 = Release|Win32
		{14C35EAC-5B4C-4273-84A9-69085B8D73A3}.Debug|x64.ActiveCfg = Debug|x64
		{14C35EAC-5B4C-4273-84A9-69085B8D73A3}.Debug|x64.Build.0 = Debug|x64
		{14C35EAC-5B4C-4273-84A9-69085B8D73A3}.Debug|x86.ActiveCfg = Debug|Win32
		{14C35EAC-5B4C-4273-84A9-69085B8D73A3}.Debug|x86.Build.0 = Debug|Win32
		{14C35EAC-5B4C-4273-84A9-69085B8D73A3}.Release|x64.ActiveCfg = Release|x64
		{14C35EAC-5B4C-4273-84A9-69085B8D73A3}.Release|x64.Build.0 = Release|x64
		{14C35EAC-5B4C-4273-84A9-69085B8D73A3}.Release|x86.ActiveCfg = Release|Win32
		{14C35EAC-5B4C-4273-84A9-69085B8D73A3}.Release|x86.Build.0 = Release|Win32
		{96633DA6-343B-4930-9F30-74866163F6E4}.Debug|x64.ActiveCfg = Debug|x64
		{96633DA6-343B-4930-9F30-74866163F6E4}.Debug|x64.Build.0 = Debug|x64
		{96633DA6-343B-4930-9F30-74866163F6E4}.Debug|x86.ActiveCfg = Debug|x64
		{96633DA6-343B-4930-9F30-74866163F6E4}.Debug|x86.Build.0 = Debug|x64
		{96633DA6-343B-4930-9F30-74866163F6E4}.Release|x64.ActiveCfg = Release|x64
		{96633DA6-343B-4930-9F30-74866163F6E4}.Release|x64.Build.0 = Release|x64
		{96633DA6-343B-4930-9F30-74866163F6E4}.Release|x86.ActiveCfg = Release|x64
		{96633DA6-343B-4930-9F30-74866163F6E4}.Release|x86.Build.0 = Release|x64
		{7222BD72-3F69-4406-B16C-F93E2239D69B}.Debug|x64.ActiveCfg = Debug|x64
		{7222BD72-3F69-4406-B16C-F93E2239D69B}.Debug|x64.Build.0 = Debug|x64
		{7222BD72-3F69-4406-B16C-F93E2239D69B}.Debug|x86.ActiveCfg = Debug|x64
		{7222BD72-3F69-4406-B16C-F93E2239D69B}.Debug|x86.Build.0 = Debug|x64
		{7222BD72-3F69-4406-B16C-F93E2239D69B}.Release|x64.ActiveCfg = Release|x64
		{7222BD72-3F69-4406-B16C-F93E2239D69B}.Release|x64.Build.0 = Release|x64
		{7222BD72-3F69-4406-B16C-F93E2239D69B}.Release|x86.ActiveCfg = Release|x64
		{7222BD72-3F69-4406-B16C-F93E2239D69B}.Release|x86.Build.0 = Release|x64
		{DBD63773-5106-4635-BA27-9C1E2530A166}.Debug|x64.ActiveCfg = Debug|x64
		{DBD63773-5106-4635-BA27-9C1E2530A166}.Debug|x64.Build.0 = Debug|x64
		{DBD63773-5106-4635-BA27-9C1E2530A166}.Debug|x86.ActiveCfg = Debug|x64
		{DBD63773-5106-4635-BA27-9C1E2530A166}.Debug|x86.Build.0 = Debug|x64
		{DBD63773-5106-4635-BA27-9C1E2530A166}.Release|x64.ActiveCfg = Release|x64
		{DBD63773-5106-4635-BA27-9C1E2530A166}.Release|x64.Build.0 = Release|x64
		{DBD63773-5106-4635-BA27-9C1E2530A166}.Release|x86.ActiveCfg = Release|x64
		{DBD63773-5106-4635-BA27-9C1E2530A166}.Release|x86.Build.0 = Release|x64
		{B529189D-54D0-4FF1-9511-78EEC5302B30}.Debug|x64.ActiveCfg = Debug|x64
		{B529189D-54D0-4FF1-9511-78EEC5302B30}.Debug|x64.Build.0 = Debug|x64
		{B529189D-54D0-4FF1-9511-78EEC5302B30}.Debug|x86.ActiveCfg = Debug|Win32
		{B529189D-54D0-4FF1-9511-78EEC5302B30}.Debug|x86.Build.0 = Debug|Win32
		{B529189D-54D0-4FF1-9511-78EEC5302B30}.Release|x64.ActiveCfg = Release|x64
		{B529189D-54D0-4FF1-9511-78EEC5302B30}.Release|x64.Build.0 = Release|x64
		{B529189D-54D0-4FF1-9511-78EEC5302B30}.Release|x86.ActiveCfg = Release|Win32
		{B529189D-54D0-4FF1-9511-78EEC5302B30}.Release|x86.Build.0 = Release|Win32
		{4E5C645D-3C65-4FBC-8478-7F436065CE5B}.Debug|x64.ActiveCfg = Debug|x64
		{4E5C645D-3C65-4FBC-8478-7F436065CE5B}.Debug|x64.Build.0 = Debug|x64
		{4E5C645D-3C65-4FBC-8478-7F436065CE5B}.Debug|x86.ActiveCfg = Debug|x64
		{4E5C645D-3C65-4FBC-8478-7F436065CE5B}.Debug|x86.Build.0 = Debug|x64
		{4E5C645D-3C65-4FBC-8478-7F436065CE5B}.Release|x64.ActiveCfg = Release|x64
		{4E5C645D-3C65-4FBC-8478-7F436065CE5B}.Release|x64.Build.0 = Release|x64
		{4E5C645D-3C65-4FBC-8478-7F436065CE5B}.Release|x86.ActiveCfg = Release|x64
		{4E5C645D-3C65-4FBC-8478-7F436065CE5B}.Release|x86.Build.0 = Release|x64
	EndGlobalSection
	GlobalSection(SolutionProperties) = preSolution
		HideSolutionNode = FALSE
	EndGlobalSection
	GlobalSection(ExtensibilityGlobals) = postSolution
		SolutionGuid = {20F49204-211F-49DB-AB90-097C631C2DB8}
	EndGlobalSection
EndGlobal
